// !$*UTF8*$!
{
	archiveVersion = 1;
	classes = {
	};
	objectVersion = 50;
	objects = {

/* Begin PBXBuildFile section */
		1746973821CD5D20001D3C2C /* CategoryTableViewController.swift in Sources */ = {isa = PBXBuildFile; fileRef = 1746973721CD5D20001D3C2C /* CategoryTableViewController.swift */; };
		1757C26121EE66930045605E /* SwipeTableViewController.swift in Sources */ = {isa = PBXBuildFile; fileRef = 1757C26021EE66930045605E /* SwipeTableViewController.swift */; };
		179C393D21B5CA29009F040A /* AppDelegate.swift in Sources */ = {isa = PBXBuildFile; fileRef = 179C393C21B5CA29009F040A /* AppDelegate.swift */; };
		179C393F21B5CA29009F040A /* ToDoListViewController.swift in Sources */ = {isa = PBXBuildFile; fileRef = 179C393E21B5CA29009F040A /* ToDoListViewController.swift */; };
		179C394221B5CA29009F040A /* Main.storyboard in Resources */ = {isa = PBXBuildFile; fileRef = 179C394021B5CA29009F040A /* Main.storyboard */; };
		179C394421B5CA2B009F040A /* Assets.xcassets in Resources */ = {isa = PBXBuildFile; fileRef = 179C394321B5CA2B009F040A /* Assets.xcassets */; };
		179C394721B5CA2B009F040A /* LaunchScreen.storyboard in Resources */ = {isa = PBXBuildFile; fileRef = 179C394521B5CA2B009F040A /* LaunchScreen.storyboard */; };
		17A967ED21DEE3B5009ED1E4 /* Item.swift in Sources */ = {isa = PBXBuildFile; fileRef = 17A967EC21DEE3B5009ED1E4 /* Item.swift */; };
		17A967EF21DEE3C4009ED1E4 /* Category.swift in Sources */ = {isa = PBXBuildFile; fileRef = 17A967EE21DEE3C4009ED1E4 /* Category.swift */; };
		2C947AEA8ECECF9A220F8786 /* Pods_Todoey.framework in Frameworks */ = {isa = PBXBuildFile; fileRef = 445AD1C119D01006686C6F4A /* Pods_Todoey.framework */; };
/* End PBXBuildFile section */

/* Begin PBXFileReference section */
		1746973721CD5D20001D3C2C /* CategoryTableViewController.swift */ = {isa = PBXFileReference; lastKnownFileType = sourcecode.swift; path = CategoryTableViewController.swift; sourceTree = "<group>"; };
		1757C26021EE66930045605E /* SwipeTableViewController.swift */ = {isa = PBXFileReference; lastKnownFileType = sourcecode.swift; path = SwipeTableViewController.swift; sourceTree = "<group>"; };
		179C393921B5CA29009F040A /* Todoey.app */ = {isa = PBXFileReference; explicitFileType = wrapper.application; includeInIndex = 0; path = Todoey.app; sourceTree = BUILT_PRODUCTS_DIR; };
		179C393C21B5CA29009F040A /* AppDelegate.swift */ = {isa = PBXFileReference; lastKnownFileType = sourcecode.swift; path = AppDelegate.swift; sourceTree = "<group>"; };
		179C393E21B5CA29009F040A /* ToDoListViewController.swift */ = {isa = PBXFileReference; lastKnownFileType = sourcecode.swift; path = ToDoListViewController.swift; sourceTree = "<group>"; };
		179C394121B5CA29009F040A /* Base */ = {isa = PBXFileReference; lastKnownFileType = file.storyboard; name = Base; path = Base.lproj/Main.storyboard; sourceTree = "<group>"; };
		179C394321B5CA2B009F040A /* Assets.xcassets */ = {isa = PBXFileReference; lastKnownFileType = folder.assetcatalog; path = Assets.xcassets; sourceTree = "<group>"; };
		179C394621B5CA2B009F040A /* Base */ = {isa = PBXFileReference; lastKnownFileType = file.storyboard; name = Base; path = Base.lproj/LaunchScreen.storyboard; sourceTree = "<group>"; };
		179C394821B5CA2B009F040A /* Info.plist */ = {isa = PBXFileReference; lastKnownFileType = text.plist.xml; path = Info.plist; sourceTree = "<group>"; };
		17A967EC21DEE3B5009ED1E4 /* Item.swift */ = {isa = PBXFileReference; lastKnownFileType = sourcecode.swift; path = Item.swift; sourceTree = "<group>"; };
		17A967EE21DEE3C4009ED1E4 /* Category.swift */ = {isa = PBXFileReference; lastKnownFileType = sourcecode.swift; path = Category.swift; sourceTree = "<group>"; };
		413989F9AFFABB44EA60F207 /* Pods-Todoey.debug.xcconfig */ = {isa = PBXFileReference; includeInIndex = 1; lastKnownFileType = text.xcconfig; name = "Pods-Todoey.debug.xcconfig"; path = "Pods/Target Support Files/Pods-Todoey/Pods-Todoey.debug.xcconfig"; sourceTree = "<group>"; };
		445AD1C119D01006686C6F4A /* Pods_Todoey.framework */ = {isa = PBXFileReference; explicitFileType = wrapper.framework; includeInIndex = 0; path = Pods_Todoey.framework; sourceTree = BUILT_PRODUCTS_DIR; };
		794D2179399AA1F93479757E /* Pods-Todoey.release.xcconfig */ = {isa = PBXFileReference; includeInIndex = 1; lastKnownFileType = text.xcconfig; name = "Pods-Todoey.release.xcconfig"; path = "Pods/Target Support Files/Pods-Todoey/Pods-Todoey.release.xcconfig"; sourceTree = "<group>"; };
/* End PBXFileReference section */

/* Begin PBXFrameworksBuildPhase section */
		179C393621B5CA29009F040A /* Frameworks */ = {
			isa = PBXFrameworksBuildPhase;
			buildActionMask = 2147483647;
			files = (
				2C947AEA8ECECF9A220F8786 /* Pods_Todoey.framework in Frameworks */,
			);
			runOnlyForDeploymentPostprocessing = 0;
		};
/* End PBXFrameworksBuildPhase section */

/* Begin PBXGroup section */
		179C393021B5CA29009F040A = {
			isa = PBXGroup;
			children = (
				179C393B21B5CA29009F040A /* Todoey */,
				179C393A21B5CA29009F040A /* Products */,
				6C6C702D5D42BBC61B76AA3A /* Pods */,
				2D891A737AE6119F3D5AB96A /* Frameworks */,
			);
			sourceTree = "<group>";
		};
		179C393A21B5CA29009F040A /* Products */ = {
			isa = PBXGroup;
			children = (
				179C393921B5CA29009F040A /* Todoey.app */,
			);
			name = Products;
			sourceTree = "<group>";
		};
		179C393B21B5CA29009F040A /* Todoey */ = {
			isa = PBXGroup;
			children = (
				179C393C21B5CA29009F040A /* AppDelegate.swift */,
				17D0E06721BDAB2D006D0940 /* Controllers */,
				17D0E06621BDAB1F006D0940 /* Views */,
				17D0E06A21BDAB7D006D0940 /* Data Models */,
				17D0E06521BDAAB9006D0940 /* Supporting files */,
				179C394821B5CA2B009F040A /* Info.plist */,
			);
			path = Todoey;
			sourceTree = "<group>";
		};
		17D0E06521BDAAB9006D0940 /* Supporting files */ = {
			isa = PBXGroup;
			children = (
				179C394321B5CA2B009F040A /* Assets.xcassets */,
				179C394521B5CA2B009F040A /* LaunchScreen.storyboard */,
			);
			path = "Supporting files";
			sourceTree = "<group>";
		};
		17D0E06621BDAB1F006D0940 /* Views */ = {
			isa = PBXGroup;
			children = (
				179C394021B5CA29009F040A /* Main.storyboard */,
			);
			path = Views;
			sourceTree = "<group>";
		};
		17D0E06721BDAB2D006D0940 /* Controllers */ = {
			isa = PBXGroup;
			children = (
				1746973721CD5D20001D3C2C /* CategoryTableViewController.swift */,
				179C393E21B5CA29009F040A /* ToDoListViewController.swift */,
				1757C26021EE66930045605E /* SwipeTableViewController.swift */,
			);
			path = Controllers;
			sourceTree = "<group>";
		};
		17D0E06A21BDAB7D006D0940 /* Data Models */ = {
			isa = PBXGroup;
			children = (
				17A967EC21DEE3B5009ED1E4 /* Item.swift */,
				17A967EE21DEE3C4009ED1E4 /* Category.swift */,
			);
			path = "Data Models";
			sourceTree = "<group>";
		};
		2D891A737AE6119F3D5AB96A /* Frameworks */ = {
			isa = PBXGroup;
			children = (
				445AD1C119D01006686C6F4A /* Pods_Todoey.framework */,
			);
			name = Frameworks;
			sourceTree = "<group>";
		};
		6C6C702D5D42BBC61B76AA3A /* Pods */ = {
			isa = PBXGroup;
			children = (
				413989F9AFFABB44EA60F207 /* Pods-Todoey.debug.xcconfig */,
				794D2179399AA1F93479757E /* Pods-Todoey.release.xcconfig */,
			);
			name = Pods;
			sourceTree = "<group>";
		};
/* End PBXGroup section */

/* Begin PBXNativeTarget section */
		179C393821B5CA29009F040A /* Todoey */ = {
			isa = PBXNativeTarget;
			buildConfigurationList = 179C394B21B5CA2B009F040A /* Build configuration list for PBXNativeTarget "Todoey" */;
			buildPhases = (
				7FD6EB7426717CFD07E22EE7 /* [CP] Check Pods Manifest.lock */,
				179C393521B5CA29009F040A /* Sources */,
				179C393621B5CA29009F040A /* Frameworks */,
				179C393721B5CA29009F040A /* Resources */,
				A48EEB4AC12724BB327F39A7 /* [CP] Embed Pods Frameworks */,
			);
			buildRules = (
			);
			dependencies = (
			);
			name = Todoey;
			productName = Todoey;
			productReference = 179C393921B5CA29009F040A /* Todoey.app */;
			productType = "com.apple.product-type.application";
		};
/* End PBXNativeTarget section */

/* Begin PBXProject section */
		179C393121B5CA29009F040A /* Project object */ = {
			isa = PBXProject;
			attributes = {
				LastSwiftUpdateCheck = 1010;
				LastUpgradeCheck = 1010;
				ORGANIZATIONNAME = "Vlad Dyakov";
				TargetAttributes = {
					179C393821B5CA29009F040A = {
						CreatedOnToolsVersion = 10.1;
					};
				};
			};
			buildConfigurationList = 179C393421B5CA29009F040A /* Build configuration list for PBXProject "Todoey" */;
			compatibilityVersion = "Xcode 9.3";
			developmentRegion = en;
			hasScannedForEncodings = 0;
			knownRegions = (
				en,
				Base,
			);
			mainGroup = 179C393021B5CA29009F040A;
			productRefGroup = 179C393A21B5CA29009F040A /* Products */;
			projectDirPath = "";
			projectRoot = "";
			targets = (
				179C393821B5CA29009F040A /* Todoey */,
			);
		};
/* End PBXProject section */

/* Begin PBXResourcesBuildPhase section */
		179C393721B5CA29009F040A /* Resources */ = {
			isa = PBXResourcesBuildPhase;
			buildActionMask = 2147483647;
			files = (
				179C394721B5CA2B009F040A /* LaunchScreen.storyboard in Resources */,
				179C394421B5CA2B009F040A /* Assets.xcassets in Resources */,
				179C394221B5CA29009F040A /* Main.storyboard in Resources */,
			);
			runOnlyForDeploymentPostprocessing = 0;
		};
/* End PBXResourcesBuildPhase section */

/* Begin PBXShellScriptBuildPhase section */
		7FD6EB7426717CFD07E22EE7 /* [CP] Check Pods Manifest.lock */ = {
			isa = PBXShellScriptBuildPhase;
			buildActionMask = 2147483647;
			files = (
			);
			inputFileListPaths = (
			);
			inputPaths = (
				"${PODS_PODFILE_DIR_PATH}/Podfile.lock",
				"${PODS_ROOT}/Manifest.lock",
			);
			name = "[CP] Check Pods Manifest.lock";
			outputFileListPaths = (
			);
			outputPaths = (
				"$(DERIVED_FILE_DIR)/Pods-Todoey-checkManifestLockResult.txt",
			);
			runOnlyForDeploymentPostprocessing = 0;
			shellPath = /bin/sh;
			shellScript = "diff \"${PODS_PODFILE_DIR_PATH}/Podfile.lock\" \"${PODS_ROOT}/Manifest.lock\" > /dev/null\nif [ $? != 0 ] ; then\n    # print error to STDERR\n    echo \"error: The sandbox is not in sync with the Podfile.lock. Run 'pod install' or update your CocoaPods installation.\" >&2\n    exit 1\nfi\n# This output is used by Xcode 'outputs' to avoid re-running this script phase.\necho \"SUCCESS\" > \"${SCRIPT_OUTPUT_FILE_0}\"\n";
			showEnvVarsInLog = 0;
		};
		A48EEB4AC12724BB327F39A7 /* [CP] Embed Pods Frameworks */ = {
			isa = PBXShellScriptBuildPhase;
			buildActionMask = 2147483647;
			files = (
			);
			inputFileListPaths = (
			);
			inputPaths = (
				"${SRCROOT}/Pods/Target Support Files/Pods-Todoey/Pods-Todoey-frameworks.sh",
				"${BUILT_PRODUCTS_DIR}/ChameleonFramework/ChameleonFramework.framework",
				"${BUILT_PRODUCTS_DIR}/Realm/Realm.framework",
				"${BUILT_PRODUCTS_DIR}/RealmSwift/RealmSwift.framework",
				"${BUILT_PRODUCTS_DIR}/SwipeCellKit/SwipeCellKit.framework",
			);
			name = "[CP] Embed Pods Frameworks";
			outputFileListPaths = (
			);
			outputPaths = (
				"${TARGET_BUILD_DIR}/${FRAMEWORKS_FOLDER_PATH}/ChameleonFramework.framework",
				"${TARGET_BUILD_DIR}/${FRAMEWORKS_FOLDER_PATH}/Realm.framework",
				"${TARGET_BUILD_DIR}/${FRAMEWORKS_FOLDER_PATH}/RealmSwift.framework",
				"${TARGET_BUILD_DIR}/${FRAMEWORKS_FOLDER_PATH}/SwipeCellKit.framework",
			);
			runOnlyForDeploymentPostprocessing = 0;
			shellPath = /bin/sh;
			shellScript = "\"${SRCROOT}/Pods/Target Support Files/Pods-Todoey/Pods-Todoey-frameworks.sh\"\n";
			showEnvVarsInLog = 0;
		};
/* End PBXShellScriptBuildPhase section */

/* Begin PBXSourcesBuildPhase section */
		179C393521B5CA29009F040A /* Sources */ = {
			isa = PBXSourcesBuildPhase;
			buildActionMask = 2147483647;
			files = (
				17A967ED21DEE3B5009ED1E4 /* Item.swift in Sources */,
				1757C26121EE66930045605E /* SwipeTableViewController.swift in Sources */,
				17A967EF21DEE3C4009ED1E4 /* Category.swift in Sources */,
				179C393F21B5CA29009F040A /* ToDoListViewController.swift in Sources */,
				179C393D21B5CA29009F040A /* AppDelegate.swift in Sources */,
				1746973821CD5D20001D3C2C /* CategoryTableViewController.swift in Sources */,
			);
			runOnlyForDeploymentPostprocessing = 0;
		};
/* End PBXSourcesBuildPhase section */

/* Begin PBXVariantGroup section */
		179C394021B5CA29009F040A /* Main.storyboard */ = {
			isa = PBXVariantGroup;
			children = (
				179C394121B5CA29009F040A /* Base */,
			);
			name = Main.storyboard;
			sourceTree = "<group>";
		};
		179C394521B5CA2B009F040A /* LaunchScreen.storyboard */ = {
			isa = PBXVariantGroup;
			children = (
				179C394621B5CA2B009F040A /* Base */,
			);
			name = LaunchScreen.storyboard;
			sourceTree = "<group>";
		};
/* End PBXVariantGroup section */

/* Begin XCBuildConfiguration section */
		179C394921B5CA2B009F040A /* Debug */ = {
			isa = XCBuildConfiguration;
			buildSettings = {
				ALWAYS_SEARCH_USER_PATHS = NO;
				CLANG_ANALYZER_NONNULL = YES;
				CLANG_ANALYZER_NUMBER_OBJECT_CONVERSION = YES_AGGRESSIVE;
				CLANG_CXX_LANGUAGE_STANDARD = "gnu++14";
				CLANG_CXX_LIBRARY = "libc++";
				CLANG_ENABLE_MODULES = YES;
				CLANG_ENABLE_OBJC_ARC = YES;
				CLANG_ENABLE_OBJC_WEAK = YES;
				CLANG_WARN_BLOCK_CAPTURE_AUTORELEASING = YES;
				CLANG_WARN_BOOL_CONVERSION = YES;
				CLANG_WARN_COMMA = YES;
				CLANG_WARN_CONSTANT_CONVERSION = YES;
				CLANG_WARN_DEPRECATED_OBJC_IMPLEMENTATIONS = YES;
				CLANG_WARN_DIRECT_OBJC_ISA_USAGE = YES_ERROR;
				CLANG_WARN_DOCUMENTATION_COMMENTS = YES;
				CLANG_WARN_EMPTY_BODY = YES;
				CLANG_WARN_ENUM_CONVERSION = YES;
				CLANG_WARN_INFINITE_RECURSION = YES;
				CLANG_WARN_INT_CONVERSION = YES;
				CLANG_WARN_NON_LITERAL_NULL_CONVERSION = YES;
				CLANG_WARN_OBJC_IMPLICIT_RETAIN_SELF = YES;
				CLANG_WARN_OBJC_LITERAL_CONVERSION = YES;
				CLANG_WARN_OBJC_ROOT_CLASS = YES_ERROR;
				CLANG_WARN_RANGE_LOOP_ANALYSIS = YES;
				CLANG_WARN_STRICT_PROTOTYPES = YES;
				CLANG_WARN_SUSPICIOUS_MOVE = YES;
				CLANG_WARN_UNGUARDED_AVAILABILITY = YES_AGGRESSIVE;
				CLANG_WARN_UNREACHABLE_CODE = YES;
				CLANG_WARN__DUPLICATE_METHOD_MATCH = YES;
				CODE_SIGN_IDENTITY = "iPhone Developer";
				COPY_PHASE_STRIP = NO;
				DEBUG_INFORMATION_FORMAT = dwarf;
				ENABLE_STRICT_OBJC_MSGSEND = YES;
				ENABLE_TESTABILITY = YES;
				GCC_C_LANGUAGE_STANDARD = gnu11;
				GCC_DYNAMIC_NO_PIC = NO;
				GCC_NO_COMMON_BLOCKS = YES;
				GCC_OPTIMIZATION_LEVEL = 0;
				GCC_PREPROCESSOR_DEFINITIONS = (
					"DEBUG=1",
					"$(inherited)",
				);
				GCC_WARN_64_TO_32_BIT_CONVERSION = YES;
				GCC_WARN_ABOUT_RETURN_TYPE = YES_ERROR;
				GCC_WARN_UNDECLARED_SELECTOR = YES;
				GCC_WARN_UNINITIALIZED_AUTOS = YES_AGGRESSIVE;
				GCC_WARN_UNUSED_FUNCTION = YES;
				GCC_WARN_UNUSED_VARIABLE = YES;
				IPHONEOS_DEPLOYMENT_TARGET = 12.1;
				MTL_ENABLE_DEBUG_INFO = INCLUDE_SOURCE;
				MTL_FAST_MATH = YES;
				ONLY_ACTIVE_ARCH = YES;
				SDKROOT = iphoneos;
				SWIFT_ACTIVE_COMPILATION_CONDITIONS = DEBUG;
				SWIFT_OPTIMIZATION_LEVEL = "-Onone";
			};
			name = Debug;
		};
		179C394A21B5CA2B009F040A /* Release */ = {
			isa = XCBuildConfiguration;
			buildSettings = {
				ALWAYS_SEARCH_USER_PATHS = NO;
				CLANG_ANALYZER_NONNULL = YES;
				CLANG_ANALYZER_NUMBER_OBJECT_CONVERSION = YES_AGGRESSIVE;
				CLANG_CXX_LANGUAGE_STANDARD = "gnu++14";
				CLANG_CXX_LIBRARY = "libc++";
				CLANG_ENABLE_MODULES = YES;
				CLANG_ENABLE_OBJC_ARC = YES;
				CLANG_ENABLE_OBJC_WEAK = YES;
				CLANG_WARN_BLOCK_CAPTURE_AUTORELEASING = YES;
				CLANG_WARN_BOOL_CONVERSION = YES;
				CLANG_WARN_COMMA = YES;
				CLANG_WARN_CONSTANT_CONVERSION = YES;
				CLANG_WARN_DEPRECATED_OBJC_IMPLEMENTATIONS = YES;
				CLANG_WARN_DIRECT_OBJC_ISA_USAGE = YES_ERROR;
				CLANG_WARN_DOCUMENTATION_COMMENTS = YES;
				CLANG_WARN_EMPTY_BODY = YES;
				CLANG_WARN_ENUM_CONVERSION = YES;
				CLANG_WARN_INFINITE_RECURSION = YES;
				CLANG_WARN_INT_CONVERSION = YES;
				CLANG_WARN_NON_LITERAL_NULL_CONVERSION = YES;
				CLANG_WARN_OBJC_IMPLICIT_RETAIN_SELF = YES;
				CLANG_WARN_OBJC_LITERAL_CONVERSION = YES;
				CLANG_WARN_OBJC_ROOT_CLASS = YES_ERROR;
				CLANG_WARN_RANGE_LOOP_ANALYSIS = YES;
				CLANG_WARN_STRICT_PROTOTYPES = YES;
				CLANG_WARN_SUSPICIOUS_MOVE = YES;
				CLANG_WARN_UNGUARDED_AVAILABILITY = YES_AGGRESSIVE;
				CLANG_WARN_UNREACHABLE_CODE = YES;
				CLANG_WARN__DUPLICATE_METHOD_MATCH = YES;
				CODE_SIGN_IDENTITY = "iPhone Developer";
				COPY_PHASE_STRIP = NO;
				DEBUG_INFORMATION_FORMAT = "dwarf-with-dsym";
				ENABLE_NS_ASSERTIONS = NO;
				ENABLE_STRICT_OBJC_MSGSEND = YES;
				GCC_C_LANGUAGE_STANDARD = gnu11;
				GCC_NO_COMMON_BLOCKS = YES;
				GCC_WARN_64_TO_32_BIT_CONVERSION = YES;
				GCC_WARN_ABOUT_RETURN_TYPE = YES_ERROR;
				GCC_WARN_UNDECLARED_SELECTOR = YES;
				GCC_WARN_UNINITIALIZED_AUTOS = YES_AGGRESSIVE;
				GCC_WARN_UNUSED_FUNCTION = YES;
				GCC_WARN_UNUSED_VARIABLE = YES;
				IPHONEOS_DEPLOYMENT_TARGET = 12.1;
				MTL_ENABLE_DEBUG_INFO = NO;
				MTL_FAST_MATH = YES;
				SDKROOT = iphoneos;
				SWIFT_COMPILATION_MODE = wholemodule;
				SWIFT_OPTIMIZATION_LEVEL = "-O";
				VALIDATE_PRODUCT = YES;
			};
			name = Release;
		};
		179C394C21B5CA2B009F040A /* Debug */ = {
			isa = XCBuildConfiguration;
			baseConfigurationReference = 413989F9AFFABB44EA60F207 /* Pods-Todoey.debug.xcconfig */;
			buildSettings = {
				ASSETCATALOG_COMPILER_APPICON_NAME = AppIcon;
				CODE_SIGN_STYLE = Automatic;
				DEVELOPMENT_TEAM = F65H34AB45;
				INFOPLIST_FILE = Todoey/Info.plist;
				LD_RUNPATH_SEARCH_PATHS = (
					"$(inherited)",
					"@executable_path/Frameworks",
				);
				PRODUCT_BUNDLE_IDENTIFIER = dyakovlad.Todoey;
				PRODUCT_NAME = "$(TARGET_NAME)";
				SWIFT_VERSION = 4.2;
				TARGETED_DEVICE_FAMILY = "1,2";
			};
			name = Debug;
		};
		179C394D21B5CA2B009F040A /* Release */ = {
			isa = XCBuildConfiguration;
			baseConfigurationReference = 794D2179399AA1F93479757E /* Pods-Todoey.release.xcconfig */;
			buildSettings = {
				ASSETCATALOG_COMPILER_APPICON_NAME = AppIcon;
				CODE_SIGN_STYLE = Automatic;
				DEVELOPMENT_TEAM = F65H34AB45;
				INFOPLIST_FILE = Todoey/Info.plist;
				LD_RUNPATH_SEARCH_PATHS = (
					"$(inherited)",
					"@executable_path/Frameworks",
				);
				PRODUCT_BUNDLE_IDENTIFIER = dyakovlad.Todoey;
				PRODUCT_NAME = "$(TARGET_NAME)";
				SWIFT_VERSION = 4.2;
				TARGETED_DEVICE_FAMILY = "1,2";
			};
			name = Release;
		};
/* End XCBuildConfiguration section */

/* Begin XCConfigurationList section */
		179C393421B5CA29009F040A /* Build configuration list for PBXProject "Todoey" */ = {
			isa = XCConfigurationList;
			buildConfigurations = (
				179C394921B5CA2B009F040A /* Debug */,
				179C394A21B5CA2B009F040A /* Release */,
			);
			defaultConfigurationIsVisible = 0;
			defaultConfigurationName = Release;
		};
		179C394B21B5CA2B009F040A /* Build configuration list for PBXNativeTarget "Todoey" */ = {
			isa = XCConfigurationList;
			buildConfigurations = (
				179C394C21B5CA2B009F040A /* Debug */,
				179C394D21B5CA2B009F040A /* Release */,
			);
			defaultConfigurationIsVisible = 0;
			defaultConfigurationName = Release;
		};
/* End XCConfigurationList section */
	};
	rootObject = 179C393121B5CA29009F040A /* Project object */;
}
